
Microsoft Visual Studio Solution File, Format Version 12.00
# Visual Studio 15
VisualStudioVersion = 15.0.28307.572
MinimumVisualStudioVersion = 10.0.40219.1
Project("{FAE04EC0-301F-11D3-BF4B-00C04F79EFBC}") = "LinkedIn.Api2.Demo", "LinkedIn.Api2.Demo.csproj", "{D7B34A5A-7B1E-4DB8-B66B-CDB7222C9CE2}"
EndProject
Global
	GlobalSection(SolutionConfigurationPlatforms) = preSolution
		Debug|Any CPU = Debug|Any CPU
		Release|Any CPU = Release|Any CPU
	EndGlobalSection
	GlobalSection(ProjectConfigurationPlatforms) = postSolution
		{D7B34A5A-7B1E-4DB8-B66B-CDB7222C9CE2}.Debug|Any CPU.ActiveCfg = Debug|Any CPU
		{D7B34A5A-7B1E-4DB8-B66B-CDB7222C9CE2}.Debug|Any CPU.Build.0 = Debug|Any CPU
		{D7B34A5A-7B1E-4DB8-B66B-CDB7222C9CE2}.Release|Any CPU.ActiveCfg = Release|Any CPU
		{D7B34A5A-7B1E-4DB8-B66B-CDB7222C9CE2}.Release|Any CPU.Build.0 = Release|Any CPU
	EndGlobalSection
	GlobalSection(SolutionProperties) = preSolution
		HideSolutionNode = FALSE
	EndGlobalSection
	GlobalSection(ExtensibilityGlobals) = postSolution
		SolutionGuid = {57004D20-7DEE-4603-964D-FC3319073E53}
	EndGlobalSection
EndGlobal
